# This file is automatically @generated by Cargo.
# It is not intended for manual editing.
version = 4

[[package]]
name = "algolings-cli"
version = "0.1.0"
dependencies = [
 "algolings-trace",
]

[[package]]
name = "algolings-trace"
version = "0.1.0"

[[package]]
name = "exercises-sort"
version = "0.1.0"
dependencies = [
 "algolings-trace",
]
